
Microsoft Visual Studio Solution File, Format Version 12.00
# Visual Studio Version 17
VisualStudioVersion = 17.1.32228.430
MinimumVisualStudioVersion = 10.0.40219.1
Project("{FAE04EC0-301F-11D3-BF4B-00C04F79EFBC}") = "TestWebApi", "TestWebApi\TestWebApi.csproj", "{666A371C-A091-418C-A7E7-1D1DA3D6D5FC}"
EndProject
Global
	GlobalSection(SolutionConfigurationPlatforms) = preSolution
		Debug|Any CPU = Debug|Any CPU
		Release|Any CPU = Release|Any CPU
	EndGlobalSection
	GlobalSection(ProjectConfigurationPlatforms) = postSolution
		{666A371C-A091-418C-A7E7-1D1DA3D6D5FC}.Debug|Any CPU.ActiveCfg = Debug|Any CPU
		{666A371C-A091-418C-A7E7-1D1DA3D6D5FC}.Debug|Any CPU.Build.0 = Debug|Any CPU
		{666A371C-A091-418C-A7E7-1D1DA3D6D5FC}.Release|Any CPU.ActiveCfg = Release|Any CPU
		{666A371C-A091-418C-A7E7-1D1DA3D6D5FC}.Release|Any CPU.Build.0 = Release|Any CPU
	EndGlobalSection
	GlobalSection(SolutionProperties) = preSolution
		HideSolutionNode = FALSE
	EndGlobalSection
	GlobalSection(ExtensibilityGlobals) = postSolution
		SolutionGuid = {08CD3CFD-ECBD-4E18-9647-75C78AE9E44D}
	EndGlobalSection
EndGlobal
